
Microsoft Visual Studio Solution File, Format Version 12.00
# Visual Studio Version 17
VisualStudioVersion = 17.7.34031.279
MinimumVisualStudioVersion = 10.0.40219.1
Project("{FAE04EC0-301F-11D3-BF4B-00C04F79EFBC}") = "01-Boxing", "01-Boxing.csproj", "{F00C2947-9C91-494F-AB3F-A0DAFF5A180F}"
EndProject
Project("{FAE04EC0-301F-11D3-BF4B-00C04F79EFBC}") = "02-Collections", "..\02-Collections\02-Collections.csproj", "{ABD9EAD2-11B2-4DC4-99A4-5DF9280D3098}"
EndProject
Project("{FAE04EC0-301F-11D3-BF4B-00C04F79EFBC}") = "03-Lists", "..\03-Lists\03-Lists.csproj", "{030B1FCB-5DA9-47D1-96E2-3A599A06CCD7}"
EndProject
Project("{FAE04EC0-301F-11D3-BF4B-00C04F79EFBC}") = "04-Hashtable", "..\04-Hashtable\04-Hashtable.csproj", "{58C4097C-E3DF-44C1-9F71-9F600CB7E7D4}"
EndProject
Project("{FAE04EC0-301F-11D3-BF4B-00C04F79EFBC}") = "05-Dictionary", "..\05-Dictionary\05-Dictionary.csproj", "{C7D0D9AF-5680-402F-AEEF-8922105B5A04}"
EndProject
Project("{FAE04EC0-301F-11D3-BF4B-00C04F79EFBC}") = "06-Hashset", "..\06-Hashset\06-Hashset.csproj", "{72862755-31FF-4AC2-B75A-F5BBECA75570}"
EndProject
Project("{FAE04EC0-301F-11D3-BF4B-00C04F79EFBC}") = "07-SortedList", "..\07-SortedList\07-SortedList.csproj", "{F84586DC-A012-405E-8FE9-98C15B3CCA40}"
EndProject
Project("{FAE04EC0-301F-11D3-BF4B-00C04F79EFBC}") = "08-SortedSet", "..\08-SortedSet\08-SortedSet.csproj", "{22C46DFD-DC87-4095-BEA5-D66ACFCCD91A}"
EndProject
Project("{FAE04EC0-301F-11D3-BF4B-00C04F79EFBC}") = "09-SortedDictionary", "..\09-SortedDictionary\09-SortedDictionary.csproj", "{583C23FE-A168-43F8-8C6E-ADDC12AF22D8}"
EndProject
Project("{FAE04EC0-301F-11D3-BF4B-00C04F79EFBC}") = "10-ArrayList", "..\10-ArrayList\10-ArrayList.csproj", "{60D2C1B9-A783-4BB9-922A-7E21646E117A}"
EndProject
Project("{FAE04EC0-301F-11D3-BF4B-00C04F79EFBC}") = "11-ObservableCollection", "..\11-ObservableCollection\11-ObservableCollection.csproj", "{B9CBBB27-92B5-4203-862E-DEB96F217D38}"
EndProject
Project("{FAE04EC0-301F-11D3-BF4B-00C04F79EFBC}") = "12-QueueStack", "..\12-QueueStack\12-QueueStack.csproj", "{E94AD0F3-435A-45C4-AFB9-2E3B92B90A87}"
EndProject
Project("{FAE04EC0-301F-11D3-BF4B-00C04F79EFBC}") = "13-LinkedList", "..\13-LinkedList\13-LinkedList.csproj", "{12CCE7D7-C6DD-4382-B3F9-8BDDD39F8347}"
EndProject
Project("{FAE04EC0-301F-11D3-BF4B-00C04F79EFBC}") = "14-Array", "..\14-Array\14-Array.csproj", "{21610509-BC59-4832-8CCD-0B0CEC3C96BA}"
EndProject
Project("{FAE04EC0-301F-11D3-BF4B-00C04F79EFBC}") = "15-BitArray", "..\15-BitArray\15-BitArray.csproj", "{53C91A9D-91C3-45C2-BE67-CCE496054389}"
EndProject
Project("{FAE04EC0-301F-11D3-BF4B-00C04F79EFBC}") = "16-JaggedArray", "..\16-JaggedArray\16-JaggedArray.csproj", "{CCCC041A-49D2-4906-AD7D-BE38B743B6C6}"
EndProject
Project("{FAE04EC0-301F-11D3-BF4B-00C04F79EFBC}") = "17-Tuple", "..\17-Tuple\17-Tuple.csproj", "{093ECADA-6267-462F-A834-8A0FF7B6820F}"
EndProject
Project("{FAE04EC0-301F-11D3-BF4B-00C04F79EFBC}") = "19-CollectionInterfaces", "..\19-CollectionInterfaces\19-CollectionInterfaces.csproj", "{19D72CB9-109B-48E3-B49F-5A1250C2A058}"
EndProject
Project("{FAE04EC0-301F-11D3-BF4B-00C04F79EFBC}") = "20-Tree", "..\20-Tree\20-Tree.csproj", "{4FC95D14-69C2-456A-ACC3-B54D44DD6BCA}"
EndProject
Project("{FAE04EC0-301F-11D3-BF4B-00C04F79EFBC}") = "21-BinaryTree", "..\21-BinaryTree\21-BinaryTree.csproj", "{15374BDC-6EC5-4E60-AEA9-36823313D47B}"
EndProject
Project("{FAE04EC0-301F-11D3-BF4B-00C04F79EFBC}") = "22-Graph", "..\22-Graph\22-Graph.csproj", "{C102C289-46E1-4228-8F60-64063CE9B3F7}"
EndProject
Project("{FAE04EC0-301F-11D3-BF4B-00C04F79EFBC}") = "23-GraphAdjacencyList", "..\23-GraphAdjacencyList\23-GraphAdjacencyList.csproj", "{29037EBC-D83D-4927-87F9-1A31738AC763}"
EndProject
Global
	GlobalSection(SolutionConfigurationPlatforms) = preSolution
		Debug|Any CPU = Debug|Any CPU
		Release|Any CPU = Release|Any CPU
	EndGlobalSection
	GlobalSection(ProjectConfigurationPlatforms) = postSolution
		{F00C2947-9C91-494F-AB3F-A0DAFF5A180F}.Debug|Any CPU.ActiveCfg = Debug|Any CPU
		{F00C2947-9C91-494F-AB3F-A0DAFF5A180F}.Debug|Any CPU.Build.0 = Debug|Any CPU
		{F00C2947-9C91-494F-AB3F-A0DAFF5A180F}.Release|Any CPU.ActiveCfg = Release|Any CPU
		{F00C2947-9C91-494F-AB3F-A0DAFF5A180F}.Release|Any CPU.Build.0 = Release|Any CPU
		{ABD9EAD2-11B2-4DC4-99A4-5DF9280D3098}.Debug|Any CPU.ActiveCfg = Debug|Any CPU
		{ABD9EAD2-11B2-4DC4-99A4-5DF9280D3098}.Debug|Any CPU.Build.0 = Debug|Any CPU
		{ABD9EAD2-11B2-4DC4-99A4-5DF9280D3098}.Release|Any CPU.ActiveCfg = Release|Any CPU
		{ABD9EAD2-11B2-4DC4-99A4-5DF9280D3098}.Release|Any CPU.Build.0 = Release|Any CPU
		{030B1FCB-5DA9-47D1-96E2-3A599A06CCD7}.Debug|Any CPU.ActiveCfg = Debug|Any CPU
		{030B1FCB-5DA9-47D1-96E2-3A599A06CCD7}.Debug|Any CPU.Build.0 = Debug|Any CPU
		{030B1FCB-5DA9-47D1-96E2-3A599A06CCD7}.Release|Any CPU.ActiveCfg = Release|Any CPU
		{030B1FCB-5DA9-47D1-96E2-3A599A06CCD7}.Release|Any CPU.Build.0 = Release|Any CPU
		{58C4097C-E3DF-44C1-9F71-9F600CB7E7D4}.Debug|Any CPU.ActiveCfg = Debug|Any CPU
		{58C4097C-E3DF-44C1-9F71-9F600CB7E7D4}.Debug|Any CPU.Build.0 = Debug|Any CPU
		{58C4097C-E3DF-44C1-9F71-9F600CB7E7D4}.Release|Any CPU.ActiveCfg = Release|Any CPU
		{58C4097C-E3DF-44C1-9F71-9F600CB7E7D4}.Release|Any CPU.Build.0 = Release|Any CPU
		{C7D0D9AF-5680-402F-AEEF-8922105B5A04}.Debug|Any CPU.ActiveCfg = Debug|Any CPU
		{C7D0D9AF-5680-402F-AEEF-8922105B5A04}.Debug|Any CPU.Build.0 = Debug|Any CPU
		{C7D0D9AF-5680-402F-AEEF-8922105B5A04}.Release|Any CPU.ActiveCfg = Release|Any CPU
		{C7D0D9AF-5680-402F-AEEF-8922105B5A04}.Release|Any CPU.Build.0 = Release|Any CPU
		{72862755-31FF-4AC2-B75A-F5BBECA75570}.Debug|Any CPU.ActiveCfg = Debug|Any CPU
		{72862755-31FF-4AC2-B75A-F5BBECA75570}.Debug|Any CPU.Build.0 = Debug|Any CPU
		{72862755-31FF-4AC2-B75A-F5BBECA75570}.Release|Any CPU.ActiveCfg = Release|Any CPU
		{72862755-31FF-4AC2-B75A-F5BBECA75570}.Release|Any CPU.Build.0 = Release|Any CPU
		{F84586DC-A012-405E-8FE9-98C15B3CCA40}.Debug|Any CPU.ActiveCfg = Debug|Any CPU
		{F84586DC-A012-405E-8FE9-98C15B3CCA40}.Debug|Any CPU.Build.0 = Debug|Any CPU
		{F84586DC-A012-405E-8FE9-98C15B3CCA40}.Release|Any CPU.ActiveCfg = Release|Any CPU
		{F84586DC-A012-405E-8FE9-98C15B3CCA40}.Release|Any CPU.Build.0 = Release|Any CPU
		{22C46DFD-DC87-4095-BEA5-D66ACFCCD91A}.Debug|Any CPU.ActiveCfg = Debug|Any CPU
		{22C46DFD-DC87-4095-BEA5-D66ACFCCD91A}.Debug|Any CPU.Build.0 = Debug|Any CPU
		{22C46DFD-DC87-4095-BEA5-D66ACFCCD91A}.Release|Any CPU.ActiveCfg = Release|Any CPU
		{22C46DFD-DC87-4095-BEA5-D66ACFCCD91A}.Release|Any CPU.Build.0 = Release|Any CPU
		{583C23FE-A168-43F8-8C6E-ADDC12AF22D8}.Debug|Any CPU.ActiveCfg = Debug|Any CPU
		{583C23FE-A168-43F8-8C6E-ADDC12AF22D8}.Debug|Any CPU.Build.0 = Debug|Any CPU
		{583C23FE-A168-43F8-8C6E-ADDC12AF22D8}.Release|Any CPU.ActiveCfg = Release|Any CPU
		{583C23FE-A168-43F8-8C6E-ADDC12AF22D8}.Release|Any CPU.Build.0 = Release|Any CPU
		{60D2C1B9-A783-4BB9-922A-7E21646E117A}.Debug|Any CPU.ActiveCfg = Debug|Any CPU
		{60D2C1B9-A783-4BB9-922A-7E21646E117A}.Debug|Any CPU.Build.0 = Debug|Any CPU
		{60D2C1B9-A783-4BB9-922A-7E21646E117A}.Release|Any CPU.ActiveCfg = Release|Any CPU
		{60D2C1B9-A783-4BB9-922A-7E21646E117A}.Release|Any CPU.Build.0 = Release|Any CPU
		{B9CBBB27-92B5-4203-862E-DEB96F217D38}.Debug|Any CPU.ActiveCfg = Debug|Any CPU
		{B9CBBB27-92B5-4203-862E-DEB96F217D38}.Debug|Any CPU.Build.0 = Debug|Any CPU
		{B9CBBB27-92B5-4203-862E-DEB96F217D38}.Release|Any CPU.ActiveCfg = Release|Any CPU
		{B9CBBB27-92B5-4203-862E-DEB96F217D38}.Release|Any CPU.Build.0 = Release|Any CPU
		{E94AD0F3-435A-45C4-AFB9-2E3B92B90A87}.Debug|Any CPU.ActiveCfg = Debug|Any CPU
		{E94AD0F3-435A-45C4-AFB9-2E3B92B90A87}.Debug|Any CPU.Build.0 = Debug|Any CPU
		{E94AD0F3-435A-45C4-AFB9-2E3B92B90A87}.Release|Any CPU.ActiveCfg = Release|Any CPU
		{E94AD0F3-435A-45C4-AFB9-2E3B92B90A87}.Release|Any CPU.Build.0 = Release|Any CPU
		{12CCE7D7-C6DD-4382-B3F9-8BDDD39F8347}.Debug|Any CPU.ActiveCfg = Debug|Any CPU
		{12CCE7D7-C6DD-4382-B3F9-8BDDD39F8347}.Debug|Any CPU.Build.0 = Debug|Any CPU
		{12CCE7D7-C6DD-4382-B3F9-8BDDD39F8347}.Release|Any CPU.ActiveCfg = Release|Any CPU
		{12CCE7D7-C6DD-4382-B3F9-8BDDD39F8347}.Release|Any CPU.Build.0 = Release|Any CPU
		{21610509-BC59-4832-8CCD-0B0CEC3C96BA}.Debug|Any CPU.ActiveCfg = Debug|Any CPU
		{21610509-BC59-4832-8CCD-0B0CEC3C96BA}.Debug|Any CPU.Build.0 = Debug|Any CPU
		{21610509-BC59-4832-8CCD-0B0CEC3C96BA}.Release|Any CPU.ActiveCfg = Release|Any CPU
		{21610509-BC59-4832-8CCD-0B0CEC3C96BA}.Release|Any CPU.Build.0 = Release|Any CPU
		{53C91A9D-91C3-45C2-BE67-CCE496054389}.Debug|Any CPU.ActiveCfg = Debug|Any CPU
		{53C91A9D-91C3-45C2-BE67-CCE496054389}.Debug|Any CPU.Build.0 = Debug|Any CPU
		{53C91A9D-91C3-45C2-BE67-CCE496054389}.Release|Any CPU.ActiveCfg = Release|Any CPU
		{53C91A9D-91C3-45C2-BE67-CCE496054389}.Release|Any CPU.Build.0 = Release|Any CPU
		{CCCC041A-49D2-4906-AD7D-BE38B743B6C6}.Debug|Any CPU.ActiveCfg = Debug|Any CPU
		{CCCC041A-49D2-4906-AD7D-BE38B743B6C6}.Debug|Any CPU.Build.0 = Debug|Any CPU
		{CCCC041A-49D2-4906-AD7D-BE38B743B6C6}.Release|Any CPU.ActiveCfg = Release|Any CPU
		{CCCC041A-49D2-4906-AD7D-BE38B743B6C6}.Release|Any CPU.Build.0 = Release|Any CPU
		{093ECADA-6267-462F-A834-8A0FF7B6820F}.Debug|Any CPU.ActiveCfg = Debug|Any CPU
		{093ECADA-6267-462F-A834-8A0FF7B6820F}.Debug|Any CPU.Build.0 = Debug|Any CPU
		{093ECADA-6267-462F-A834-8A0FF7B6820F}.Release|Any CPU.ActiveCfg = Release|Any CPU
		{093ECADA-6267-462F-A834-8A0FF7B6820F}.Release|Any CPU.Build.0 = Release|Any CPU
		{19D72CB9-109B-48E3-B49F-5A1250C2A058}.Debug|Any CPU.ActiveCfg = Debug|Any CPU
		{19D72CB9-109B-48E3-B49F-5A1250C2A058}.Debug|Any CPU.Build.0 = Debug|Any CPU
		{19D72CB9-109B-48E3-B49F-5A1250C2A058}.Release|Any CPU.ActiveCfg = Release|Any CPU
		{19D72CB9-109B-48E3-B49F-5A1250C2A058}.Release|Any CPU.Build.0 = Release|Any CPU
		{4FC95D14-69C2-456A-ACC3-B54D44DD6BCA}.Debug|Any CPU.ActiveCfg = Debug|Any CPU
		{4FC95D14-69C2-456A-ACC3-B54D44DD6BCA}.Debug|Any CPU.Build.0 = Debug|Any CPU
		{4FC95D14-69C2-456A-ACC3-B54D44DD6BCA}.Release|Any CPU.ActiveCfg = Release|Any CPU
		{4FC95D14-69C2-456A-ACC3-B54D44DD6BCA}.Release|Any CPU.Build.0 = Release|Any CPU
		{15374BDC-6EC5-4E60-AEA9-36823313D47B}.Debug|Any CPU.ActiveCfg = Debug|Any CPU
		{15374BDC-6EC5-4E60-AEA9-36823313D47B}.Debug|Any CPU.Build.0 = Debug|Any CPU
		{15374BDC-6EC5-4E60-AEA9-36823313D47B}.Release|Any CPU.ActiveCfg = Release|Any CPU
		{15374BDC-6EC5-4E60-AEA9-36823313D47B}.Release|Any CPU.Build.0 = Release|Any CPU
		{C102C289-46E1-4228-8F60-64063CE9B3F7}.Debug|Any CPU.ActiveCfg = Debug|Any CPU
		{C102C289-46E1-4228-8F60-64063CE9B3F7}.Debug|Any CPU.Build.0 = Debug|Any CPU
		{C102C289-46E1-4228-8F60-64063CE9B3F7}.Release|Any CPU.ActiveCfg = Release|Any CPU
		{C102C289-46E1-4228-8F60-64063CE9B3F7}.Release|Any CPU.Build.0 = Release|Any CPU
		{29037EBC-D83D-4927-87F9-1A31738AC763}.Debug|Any CPU.ActiveCfg = Debug|Any CPU
		{29037EBC-D83D-4927-87F9-1A31738AC763}.Debug|Any CPU.Build.0 = Debug|Any CPU
		{29037EBC-D83D-4927-87F9-1A31738AC763}.Release|Any CPU.ActiveCfg = Release|Any CPU
		{29037EBC-D83D-4927-87F9-1A31738AC763}.Release|Any CPU.Build.0 = Release|Any CPU
	EndGlobalSection
	GlobalSection(SolutionProperties) = preSolution
		HideSolutionNode = FALSE
	EndGlobalSection
	GlobalSection(ExtensibilityGlobals) = postSolution
		SolutionGuid = {1D72110B-6667-4BBF-B031-CD2CEB632240}
	EndGlobalSection
EndGlobal
